
Microsoft Visual Studio Solution File, Format Version 12.00
# Visual Studio Version 16
VisualStudioVersion = 16.0.30002.166
MinimumVisualStudioVersion = 10.0.40219.1
Project("{9A19103F-16F7-4668-BE54-9A1E7A4F7556}") = "QuantityMeasurementAPIProject", "QuantityMeasurementAPIProject.csproj", "{0A601511-A357-4938-A6AE-A6D96BC86CA2}"
EndProject
Project("{FAE04EC0-301F-11D3-BF4B-00C04F79EFBC}") = "Manager", "..\Manager\Manager.csproj", "{7887C92F-173D-4B4A-8354-DE800A0BFEB3}"
EndProject
Project("{FAE04EC0-301F-11D3-BF4B-00C04F79EFBC}") = "Model", "..\Model\Model.csproj", "{0F3F7F7A-FD3A-4847-A065-4A96ABFE930F}"
EndProject
Project("{FAE04EC0-301F-11D3-BF4B-00C04F79EFBC}") = "Repository", "..\Repository\Repository.csproj", "{5C3515BB-6D76-49C0-8F1F-5F7F113D88FA}"
EndProject
Global
	GlobalSection(SolutionConfigurationPlatforms) = preSolution
		Debug|Any CPU = Debug|Any CPU
		Release|Any CPU = Release|Any CPU
	EndGlobalSection
	GlobalSection(ProjectConfigurationPlatforms) = postSolution
		{0A601511-A357-4938-A6AE-A6D96BC86CA2}.Debug|Any CPU.ActiveCfg = Debug|Any CPU
		{0A601511-A357-4938-A6AE-A6D96BC86CA2}.Debug|Any CPU.Build.0 = Debug|Any CPU
		{0A601511-A357-4938-A6AE-A6D96BC86CA2}.Release|Any CPU.ActiveCfg = Release|Any CPU
		{0A601511-A357-4938-A6AE-A6D96BC86CA2}.Release|Any CPU.Build.0 = Release|Any CPU
		{7887C92F-173D-4B4A-8354-DE800A0BFEB3}.Debug|Any CPU.ActiveCfg = Debug|Any CPU
		{7887C92F-173D-4B4A-8354-DE800A0BFEB3}.Debug|Any CPU.Build.0 = Debug|Any CPU
		{7887C92F-173D-4B4A-8354-DE800A0BFEB3}.Release|Any CPU.ActiveCfg = Release|Any CPU
		{7887C92F-173D-4B4A-8354-DE800A0BFEB3}.Release|Any CPU.Build.0 = Release|Any CPU
		{0F3F7F7A-FD3A-4847-A065-4A96ABFE930F}.Debug|Any CPU.ActiveCfg = Debug|Any CPU
		{0F3F7F7A-FD3A-4847-A065-4A96ABFE930F}.Debug|Any CPU.Build.0 = Debug|Any CPU
		{0F3F7F7A-FD3A-4847-A065-4A96ABFE930F}.Release|Any CPU.ActiveCfg = Release|Any CPU
		{0F3F7F7A-FD3A-4847-A065-4A96ABFE930F}.Release|Any CPU.Build.0 = Release|Any CPU
		{5C3515BB-6D76-49C0-8F1F-5F7F113D88FA}.Debug|Any CPU.ActiveCfg = Debug|Any CPU
		{5C3515BB-6D76-49C0-8F1F-5F7F113D88FA}.Debug|Any CPU.Build.0 = Debug|Any CPU
		{5C3515BB-6D76-49C0-8F1F-5F7F113D88FA}.Release|Any CPU.ActiveCfg = Release|Any CPU
		{5C3515BB-6D76-49C0-8F1F-5F7F113D88FA}.Release|Any CPU.Build.0 = Release|Any CPU
	EndGlobalSection
	GlobalSection(SolutionProperties) = preSolution
		HideSolutionNode = FALSE
	EndGlobalSection
	GlobalSection(ExtensibilityGlobals) = postSolution
		SolutionGuid = {38E1A5F4-6FA1-4314-B8A6-D30F5BA1181F}
	EndGlobalSection
EndGlobal
